// !$*UTF8*$!
{
	archiveVersion = 1;
	classes = {
	};
	objectVersion = 52;
	objects = {

/* Begin PBXBuildFile section */
		1CF486FF8FC6D790B22119F6 /* Pods_LearnHockeyTests.framework in Frameworks */ = {isa = PBXBuildFile; fileRef = 197DA04405D01F4333E9A10A /* Pods_LearnHockeyTests.framework */; };
		9EFF6AC1F88C543E7E5BD1CD /* Pods_LearnHockeyUITests.framework in Frameworks */ = {isa = PBXBuildFile; fileRef = AA1D40C25CCA28368DA811C6 /* Pods_LearnHockeyUITests.framework */; };
		BF537F100B870D2A9FDD53AB /* Pods_LearnHockey.framework in Frameworks */ = {isa = PBXBuildFile; fileRef = 4DE18FD8C0F66E09477D141A /* Pods_LearnHockey.framework */; };
		CD02E5112409524000F68AA3 /* ExerciseDetailView.swift in Sources */ = {isa = PBXBuildFile; fileRef = CD02E5102409524000F68AA3 /* ExerciseDetailView.swift */; };
		CD02E51424095B3000F68AA3 /* CRUDStorage.swift in Sources */ = {isa = PBXBuildFile; fileRef = CD02E51324095B3000F68AA3 /* CRUDStorage.swift */; };
		CD02E516240965A400F68AA3 /* StorageRepository.swift in Sources */ = {isa = PBXBuildFile; fileRef = CD02E515240965A400F68AA3 /* StorageRepository.swift */; };
		CD02E5392409774C00F68AA3 /* KingfisherSwiftUI in Frameworks */ = {isa = PBXBuildFile; productRef = CD02E5382409774C00F68AA3 /* KingfisherSwiftUI */; };
		CD02E53B2409778B00F68AA3 /* KingfisherBridge.swift in Sources */ = {isa = PBXBuildFile; fileRef = CD02E53A2409778B00F68AA3 /* KingfisherBridge.swift */; };
		CD12B324243CD06B00331E78 /* CancelBag.swift in Sources */ = {isa = PBXBuildFile; fileRef = CD12B323243CD06B00331E78 /* CancelBag.swift */; };
		CD20326C23FC942D00EE5365 /* ExercisesView.swift in Sources */ = {isa = PBXBuildFile; fileRef = CD20326B23FC942D00EE5365 /* ExercisesView.swift */; };
		CD2CDADE2437DD5900EB0395 /* ExerciseCellViewModel.swift in Sources */ = {isa = PBXBuildFile; fileRef = CD2CDADD2437DD5900EB0395 /* ExerciseCellViewModel.swift */; };
		CD2CDAE02438D1F800EB0395 /* AccountRepository.swift in Sources */ = {isa = PBXBuildFile; fileRef = CD2CDADF2438D1F800EB0395 /* AccountRepository.swift */; };
		CD33098D23FB0D7B005EEB65 /* AppDelegate.swift in Sources */ = {isa = PBXBuildFile; fileRef = CD33098C23FB0D7B005EEB65 /* AppDelegate.swift */; };
		CD33098F23FB0D7B005EEB65 /* SceneDelegate.swift in Sources */ = {isa = PBXBuildFile; fileRef = CD33098E23FB0D7B005EEB65 /* SceneDelegate.swift */; };
		CD33099123FB0D7B005EEB65 /* ContentView.swift in Sources */ = {isa = PBXBuildFile; fileRef = CD33099023FB0D7B005EEB65 /* ContentView.swift */; };
		CD33099323FB0D7C005EEB65 /* Assets.xcassets in Resources */ = {isa = PBXBuildFile; fileRef = CD33099223FB0D7C005EEB65 /* Assets.xcassets */; };
		CD33099623FB0D7C005EEB65 /* Preview Assets.xcassets in Resources */ = {isa = PBXBuildFile; fileRef = CD33099523FB0D7C005EEB65 /* Preview Assets.xcassets */; };
		CD3309A423FB0D7C005EEB65 /* LearnHockeyTests.swift in Sources */ = {isa = PBXBuildFile; fileRef = CD3309A323FB0D7C005EEB65 /* LearnHockeyTests.swift */; };
		CD3309AF23FB0D7C005EEB65 /* LearnHockeyUITests.swift in Sources */ = {isa = PBXBuildFile; fileRef = CD3309AE23FB0D7C005EEB65 /* LearnHockeyUITests.swift */; };
		CD3309C623FB0E4B005EEB65 /* Category.swift in Sources */ = {isa = PBXBuildFile; fileRef = CD3309C523FB0E4B005EEB65 /* Category.swift */; };
		CD3309C823FB0EB2005EEB65 /* Exercise.swift in Sources */ = {isa = PBXBuildFile; fileRef = CD3309C723FB0EB2005EEB65 /* Exercise.swift */; };
		CD3309CA23FB1528005EEB65 /* Helpers.swift in Sources */ = {isa = PBXBuildFile; fileRef = CD3309C923FB1528005EEB65 /* Helpers.swift */; };
		CD3309CC23FB1535005EEB65 /* Loadable.swift in Sources */ = {isa = PBXBuildFile; fileRef = CD3309CB23FB1535005EEB65 /* Loadable.swift */; };
		CD3309D023FB15EA005EEB65 /* AppState.swift in Sources */ = {isa = PBXBuildFile; fileRef = CD3309CF23FB15EA005EEB65 /* AppState.swift */; };
		CD3309D223FB1991005EEB65 /* DIContainer.swift in Sources */ = {isa = PBXBuildFile; fileRef = CD3309D123FB1991005EEB65 /* DIContainer.swift */; };
		CD3309D423FB1A4E005EEB65 /* InteractorsDIContainer.swift in Sources */ = {isa = PBXBuildFile; fileRef = CD3309D323FB1A4E005EEB65 /* InteractorsDIContainer.swift */; };
		CD3309D623FB1BA5005EEB65 /* RootViewModifier.swift in Sources */ = {isa = PBXBuildFile; fileRef = CD3309D523FB1BA5005EEB65 /* RootViewModifier.swift */; };
		CD3309D823FB1E35005EEB65 /* SystemEventsHandler.swift in Sources */ = {isa = PBXBuildFile; fileRef = CD3309D723FB1E35005EEB65 /* SystemEventsHandler.swift */; };
		CD3309DA23FB1EF0005EEB65 /* AppSystemEventsHandler.swift in Sources */ = {isa = PBXBuildFile; fileRef = CD3309D923FB1EF0005EEB65 /* AppSystemEventsHandler.swift */; };
		CD3309DC23FB1FB2005EEB65 /* AppEnvironment.swift in Sources */ = {isa = PBXBuildFile; fileRef = CD3309DB23FB1FB2005EEB65 /* AppEnvironment.swift */; };
		CD3309DE23FB2514005EEB65 /* CategoriesListView.swift in Sources */ = {isa = PBXBuildFile; fileRef = CD3309DD23FB2514005EEB65 /* CategoriesListView.swift */; };
		CD3309E023FB27F0005EEB65 /* ExerciseInteractor.swift in Sources */ = {isa = PBXBuildFile; fileRef = CD3309DF23FB27F0005EEB65 /* ExerciseInteractor.swift */; };
		CD332212244C563C00347BDC /* CategoriesListViewmodel.swift in Sources */ = {isa = PBXBuildFile; fileRef = CD332211244C563C00347BDC /* CategoriesListViewmodel.swift */; };
		CD4981252449A03800289C53 /* PrivateConfig.swift in Sources */ = {isa = PBXBuildFile; fileRef = CD4981242449A03800289C53 /* PrivateConfig.swift */; };
		CD4BA6E0245045BD000698DE /* Localizable.strings in Resources */ = {isa = PBXBuildFile; fileRef = CD4BA6E2245045BD000698DE /* Localizable.strings */; };
		CD527E8B243DF529006E358D /* README_UI.md in Resources */ = {isa = PBXBuildFile; fileRef = CD527E8A243DF529006E358D /* README_UI.md */; };
		CD527E8D243DF798006E358D /* BuySubscriptionViewModel.swift in Sources */ = {isa = PBXBuildFile; fileRef = CD527E8C243DF798006E358D /* BuySubscriptionViewModel.swift */; };
		CD527E90243E150C006E358D /* Purchases in Frameworks */ = {isa = PBXBuildFile; productRef = CD527E8F243E150C006E358D /* Purchases */; };
		CD69E3B4240AAC4200958FFC /* DifficultyView.swift in Sources */ = {isa = PBXBuildFile; fileRef = CD69E3B3240AAC4200958FFC /* DifficultyView.swift */; };
		CD69E3B6240ABFE200958FFC /* ThreeStarView.swift in Sources */ = {isa = PBXBuildFile; fileRef = CD69E3B5240ABFE200958FFC /* ThreeStarView.swift */; };
		CD69E3B8240AC02F00958FFC /* ExerciseCell.swift in Sources */ = {isa = PBXBuildFile; fileRef = CD69E3B7240AC02F00958FFC /* ExerciseCell.swift */; };
		CD6B2E2D244CE1B900FC0ED4 /* ExercisesViewModel.swift in Sources */ = {isa = PBXBuildFile; fileRef = CD6B2E2C244CE1B900FC0ED4 /* ExercisesViewModel.swift */; };
		CD6B2E30244DD7BA00FC0ED4 /* ExerciseDetailViewModel.swift in Sources */ = {isa = PBXBuildFile; fileRef = CD6B2E2F244DD7BA00FC0ED4 /* ExerciseDetailViewModel.swift */; };
		CD6B2E32244DDF1E00FC0ED4 /* ContentViewModel.swift in Sources */ = {isa = PBXBuildFile; fileRef = CD6B2E31244DDF1E00FC0ED4 /* ContentViewModel.swift */; };
		CD8A187B2450D799003F622A /* swiftgen.yml in Resources */ = {isa = PBXBuildFile; fileRef = CD8A187A2450D799003F622A /* swiftgen.yml */; };
		CD8A18802450E403003F622A /* image-Constants.swift in Sources */ = {isa = PBXBuildFile; fileRef = CD8A187F2450E403003F622A /* image-Constants.swift */; };
		CD8F1507244DE3EA006DC0D4 /* TabBarViewModel.swift in Sources */ = {isa = PBXBuildFile; fileRef = CD8F1506244DE3EA006DC0D4 /* TabBarViewModel.swift */; };
		CD915FCF240873C500319A0B /* NavigationBarBugFixer.swift in Sources */ = {isa = PBXBuildFile; fileRef = CD915FCE240873C500319A0B /* NavigationBarBugFixer.swift */; };
		CD915FD1240879CF00319A0B /* CategorieCell.swift in Sources */ = {isa = PBXBuildFile; fileRef = CD915FD0240879CF00319A0B /* CategorieCell.swift */; };
		CD915FD42408AEEA00319A0B /* GoogleService-Info.plist in Resources */ = {isa = PBXBuildFile; fileRef = CD915FD32408AEEA00319A0B /* GoogleService-Info.plist */; };
		CD9F3A9D24097A910064016B /* ExercisesWebRepository.swift in Sources */ = {isa = PBXBuildFile; fileRef = CD9F3A9C24097A910064016B /* ExercisesWebRepository.swift */; };
		CDA5A17B2409E7720083097C /* DetailItemView.swift in Sources */ = {isa = PBXBuildFile; fileRef = CDA5A17A2409E7720083097C /* DetailItemView.swift */; };
		CDAB710C2420247300CCA74A /* FirebaseAuthPublisher.swift in Sources */ = {isa = PBXBuildFile; fileRef = CDAB710B2420247300CCA74A /* FirebaseAuthPublisher.swift */; };
		CDBE57BA24143C06005B6672 /* Color+Extension.swift in Sources */ = {isa = PBXBuildFile; fileRef = CDBE57B924143C06005B6672 /* Color+Extension.swift */; };
		CDC9D64D240C288300D45F49 /* FUIAuthBaseViewControllerWrapper.swift in Sources */ = {isa = PBXBuildFile; fileRef = CDC9D64C240C288300D45F49 /* FUIAuthBaseViewControllerWrapper.swift */; };
		CDC9D64F240C2B6F00D45F49 /* AuthRepository.swift in Sources */ = {isa = PBXBuildFile; fileRef = CDC9D64E240C2B6F00D45F49 /* AuthRepository.swift */; };
		CDC9D651240C2E8100D45F49 /* AccountInteractor.swift in Sources */ = {isa = PBXBuildFile; fileRef = CDC9D650240C2E8100D45F49 /* AccountInteractor.swift */; };
		CDC9D653240C331500D45F49 /* LoginView.swift in Sources */ = {isa = PBXBuildFile; fileRef = CDC9D652240C331500D45F49 /* LoginView.swift */; };
		CDC9D655240EBFEB00D45F49 /* README.md in Resources */ = {isa = PBXBuildFile; fileRef = CDC9D654240EBFEB00D45F49 /* README.md */; };
		CDC9D657240ECBF600D45F49 /* FirebaseWebRepository.swift in Sources */ = {isa = PBXBuildFile; fileRef = CDC9D656240ECBF600D45F49 /* FirebaseWebRepository.swift */; };
		CDC9D659240ED94A00D45F49 /* TabBarView.swift in Sources */ = {isa = PBXBuildFile; fileRef = CDC9D658240ED94A00D45F49 /* TabBarView.swift */; };
		CDC9D65B240EDB6A00D45F49 /* TabBarItem.swift in Sources */ = {isa = PBXBuildFile; fileRef = CDC9D65A240EDB6A00D45F49 /* TabBarItem.swift */; };
		CDC9D662240F405100D45F49 /* ActionButton.swift in Sources */ = {isa = PBXBuildFile; fileRef = CDC9D661240F405100D45F49 /* ActionButton.swift */; };
		CDC9D664240F406B00D45F49 /* NotLoggedInView.swift in Sources */ = {isa = PBXBuildFile; fileRef = CDC9D663240F406B00D45F49 /* NotLoggedInView.swift */; };
		CDCD3D6A24100FD600DB811F /* BuySubscriptionElementView.swift in Sources */ = {isa = PBXBuildFile; fileRef = CDCD3D6924100FD600DB811F /* BuySubscriptionElementView.swift */; };
		CDCD3D6E2410666D00DB811F /* PremiumRepository.swift in Sources */ = {isa = PBXBuildFile; fileRef = CDCD3D6D2410666D00DB811F /* PremiumRepository.swift */; };
		CDE3A38D243B4E4A005A4FC0 /* ManageAccountView.swift in Sources */ = {isa = PBXBuildFile; fileRef = CDE3A38C243B4E4A005A4FC0 /* ManageAccountView.swift */; };
		CDE3A38F243B5059005A4FC0 /* ProfilOverviewView.swift in Sources */ = {isa = PBXBuildFile; fileRef = CDE3A38E243B5059005A4FC0 /* ProfilOverviewView.swift */; };
		CDE3A391243B5848005A4FC0 /* FeedbackView.swift in Sources */ = {isa = PBXBuildFile; fileRef = CDE3A390243B5848005A4FC0 /* FeedbackView.swift */; };
		CDE3A393243B5B34005A4FC0 /* SubscriptionView.swift in Sources */ = {isa = PBXBuildFile; fileRef = CDE3A392243B5B34005A4FC0 /* SubscriptionView.swift */; };
		CDE3A396243B6697005A4FC0 /* String+Extensions.swift in Sources */ = {isa = PBXBuildFile; fileRef = CDE3A395243B6697005A4FC0 /* String+Extensions.swift */; };
		CDE3A399243B6E50005A4FC0 /* NoValidSubscription.swift in Sources */ = {isa = PBXBuildFile; fileRef = CDE3A398243B6E50005A4FC0 /* NoValidSubscription.swift */; };
		CDE3A39B243B6E6B005A4FC0 /* HasSubscription.swift in Sources */ = {isa = PBXBuildFile; fileRef = CDE3A39A243B6E6B005A4FC0 /* HasSubscription.swift */; };
		CDE3A39D243B81A1005A4FC0 /* ProfilView.swift in Sources */ = {isa = PBXBuildFile; fileRef = CDE3A39C243B81A1005A4FC0 /* ProfilView.swift */; };
		CDE3A39F243B829F005A4FC0 /* BuySubscriptionView.swift in Sources */ = {isa = PBXBuildFile; fileRef = CDE3A39E243B829F005A4FC0 /* BuySubscriptionView.swift */; };
		CDE3A3A1243B82B3005A4FC0 /* SubscriptionTestView.swift in Sources */ = {isa = PBXBuildFile; fileRef = CDE3A3A0243B82B3005A4FC0 /* SubscriptionTestView.swift */; };
		CDE3A3A3243B8733005A4FC0 /* CancelSubscriptionView.swift in Sources */ = {isa = PBXBuildFile; fileRef = CDE3A3A2243B8733005A4FC0 /* CancelSubscriptionView.swift */; };
		CDE3A3A5243BA979005A4FC0 /* AccountView.swift in Sources */ = {isa = PBXBuildFile; fileRef = CDE3A3A4243BA979005A4FC0 /* AccountView.swift */; };
		CDE3A3A8243BB1C6005A4FC0 /* AccountViewModel.swift in Sources */ = {isa = PBXBuildFile; fileRef = CDE3A3A7243BB1C6005A4FC0 /* AccountViewModel.swift */; };
		CDEA60D22439607500B35C35 /* FirestoreDocumentPublisher.swift in Sources */ = {isa = PBXBuildFile; fileRef = CDEA60D12439607500B35C35 /* FirestoreDocumentPublisher.swift */; };
		CDEFDED6243A2DF20055A172 /* FirestoreDecodedDocumentPublisher.swift in Sources */ = {isa = PBXBuildFile; fileRef = CDEFDED5243A2DF20055A172 /* FirestoreDecodedDocumentPublisher.swift */; };
/* End PBXBuildFile section */

/* Begin PBXContainerItemProxy section */
		CD3309A023FB0D7C005EEB65 /* PBXContainerItemProxy */ = {
			isa = PBXContainerItemProxy;
			containerPortal = CD33098123FB0D7B005EEB65 /* Project object */;
			proxyType = 1;
			remoteGlobalIDString = CD33098823FB0D7B005EEB65;
			remoteInfo = LearnHockey;
		};
		CD3309AB23FB0D7C005EEB65 /* PBXContainerItemProxy */ = {
			isa = PBXContainerItemProxy;
			containerPortal = CD33098123FB0D7B005EEB65 /* Project object */;
			proxyType = 1;
			remoteGlobalIDString = CD33098823FB0D7B005EEB65;
			remoteInfo = LearnHockey;
		};
/* End PBXContainerItemProxy section */

/* Begin PBXFileReference section */
		197DA04405D01F4333E9A10A /* Pods_LearnHockeyTests.framework */ = {isa = PBXFileReference; explicitFileType = wrapper.framework; includeInIndex = 0; path = Pods_LearnHockeyTests.framework; sourceTree = BUILT_PRODUCTS_DIR; };
		206D144485BAF8A9320D501E /* Pods-LearnHockeyUITests.release.xcconfig */ = {isa = PBXFileReference; includeInIndex = 1; lastKnownFileType = text.xcconfig; name = "Pods-LearnHockeyUITests.release.xcconfig"; path = "Target Support Files/Pods-LearnHockeyUITests/Pods-LearnHockeyUITests.release.xcconfig"; sourceTree = "<group>"; };
		4992F67C161CE5C91DD96C10 /* Pods-LearnHockey.release.xcconfig */ = {isa = PBXFileReference; includeInIndex = 1; lastKnownFileType = text.xcconfig; name = "Pods-LearnHockey.release.xcconfig"; path = "Target Support Files/Pods-LearnHockey/Pods-LearnHockey.release.xcconfig"; sourceTree = "<group>"; };
		4DE18FD8C0F66E09477D141A /* Pods_LearnHockey.framework */ = {isa = PBXFileReference; explicitFileType = wrapper.framework; includeInIndex = 0; path = Pods_LearnHockey.framework; sourceTree = BUILT_PRODUCTS_DIR; };
		59D60CFDD51189A264A15391 /* Pods-LearnHockeyTests.debug.xcconfig */ = {isa = PBXFileReference; includeInIndex = 1; lastKnownFileType = text.xcconfig; name = "Pods-LearnHockeyTests.debug.xcconfig"; path = "Target Support Files/Pods-LearnHockeyTests/Pods-LearnHockeyTests.debug.xcconfig"; sourceTree = "<group>"; };
		6B5E2913131C164E621D8AEE /* Pods-LearnHockey.debug.xcconfig */ = {isa = PBXFileReference; includeInIndex = 1; lastKnownFileType = text.xcconfig; name = "Pods-LearnHockey.debug.xcconfig"; path = "Target Support Files/Pods-LearnHockey/Pods-LearnHockey.debug.xcconfig"; sourceTree = "<group>"; };
		AA1D40C25CCA28368DA811C6 /* Pods_LearnHockeyUITests.framework */ = {isa = PBXFileReference; explicitFileType = wrapper.framework; includeInIndex = 0; path = Pods_LearnHockeyUITests.framework; sourceTree = BUILT_PRODUCTS_DIR; };
		AAA7902C530CE1BF3F3D67D9 /* Pods-LearnHockeyUITests.debug.xcconfig */ = {isa = PBXFileReference; includeInIndex = 1; lastKnownFileType = text.xcconfig; name = "Pods-LearnHockeyUITests.debug.xcconfig"; path = "Target Support Files/Pods-LearnHockeyUITests/Pods-LearnHockeyUITests.debug.xcconfig"; sourceTree = "<group>"; };
		CD02E5102409524000F68AA3 /* ExerciseDetailView.swift */ = {isa = PBXFileReference; lastKnownFileType = sourcecode.swift; path = ExerciseDetailView.swift; sourceTree = "<group>"; };
		CD02E51324095B3000F68AA3 /* CRUDStorage.swift */ = {isa = PBXFileReference; lastKnownFileType = sourcecode.swift; path = CRUDStorage.swift; sourceTree = "<group>"; };
		CD02E515240965A400F68AA3 /* StorageRepository.swift */ = {isa = PBXFileReference; lastKnownFileType = sourcecode.swift; path = StorageRepository.swift; sourceTree = "<group>"; };
		CD02E53A2409778B00F68AA3 /* KingfisherBridge.swift */ = {isa = PBXFileReference; lastKnownFileType = sourcecode.swift; path = KingfisherBridge.swift; sourceTree = "<group>"; };
		CD12B323243CD06B00331E78 /* CancelBag.swift */ = {isa = PBXFileReference; lastKnownFileType = sourcecode.swift; path = CancelBag.swift; sourceTree = "<group>"; };
		CD20326B23FC942D00EE5365 /* ExercisesView.swift */ = {isa = PBXFileReference; lastKnownFileType = sourcecode.swift; path = ExercisesView.swift; sourceTree = "<group>"; };
		CD2CDADD2437DD5900EB0395 /* ExerciseCellViewModel.swift */ = {isa = PBXFileReference; lastKnownFileType = sourcecode.swift; path = ExerciseCellViewModel.swift; sourceTree = "<group>"; };
		CD2CDADF2438D1F800EB0395 /* AccountRepository.swift */ = {isa = PBXFileReference; lastKnownFileType = sourcecode.swift; path = AccountRepository.swift; sourceTree = "<group>"; };
		CD33098923FB0D7B005EEB65 /* LearnHockey.app */ = {isa = PBXFileReference; explicitFileType = wrapper.application; includeInIndex = 0; path = LearnHockey.app; sourceTree = BUILT_PRODUCTS_DIR; };
		CD33098C23FB0D7B005EEB65 /* AppDelegate.swift */ = {isa = PBXFileReference; lastKnownFileType = sourcecode.swift; path = AppDelegate.swift; sourceTree = "<group>"; };
		CD33098E23FB0D7B005EEB65 /* SceneDelegate.swift */ = {isa = PBXFileReference; lastKnownFileType = sourcecode.swift; path = SceneDelegate.swift; sourceTree = "<group>"; };
		CD33099023FB0D7B005EEB65 /* ContentView.swift */ = {isa = PBXFileReference; lastKnownFileType = sourcecode.swift; path = ContentView.swift; sourceTree = "<group>"; };
		CD33099223FB0D7C005EEB65 /* Assets.xcassets */ = {isa = PBXFileReference; lastKnownFileType = folder.assetcatalog; path = Assets.xcassets; sourceTree = "<group>"; };
		CD33099523FB0D7C005EEB65 /* Preview Assets.xcassets */ = {isa = PBXFileReference; lastKnownFileType = folder.assetcatalog; path = "Preview Assets.xcassets"; sourceTree = "<group>"; };
		CD33099A23FB0D7C005EEB65 /* Info.plist */ = {isa = PBXFileReference; lastKnownFileType = text.plist.xml; path = Info.plist; sourceTree = "<group>"; };
		CD33099F23FB0D7C005EEB65 /* LearnHockeyTests.xctest */ = {isa = PBXFileReference; explicitFileType = wrapper.cfbundle; includeInIndex = 0; path = LearnHockeyTests.xctest; sourceTree = BUILT_PRODUCTS_DIR; };
		CD3309A323FB0D7C005EEB65 /* LearnHockeyTests.swift */ = {isa = PBXFileReference; lastKnownFileType = sourcecode.swift; path = LearnHockeyTests.swift; sourceTree = "<group>"; };
		CD3309A523FB0D7C005EEB65 /* Info.plist */ = {isa = PBXFileReference; lastKnownFileType = text.plist.xml; path = Info.plist; sourceTree = "<group>"; };
		CD3309AA23FB0D7C005EEB65 /* LearnHockeyUITests.xctest */ = {isa = PBXFileReference; explicitFileType = wrapper.cfbundle; includeInIndex = 0; path = LearnHockeyUITests.xctest; sourceTree = BUILT_PRODUCTS_DIR; };
		CD3309AE23FB0D7C005EEB65 /* LearnHockeyUITests.swift */ = {isa = PBXFileReference; lastKnownFileType = sourcecode.swift; path = LearnHockeyUITests.swift; sourceTree = "<group>"; };
		CD3309B023FB0D7C005EEB65 /* Info.plist */ = {isa = PBXFileReference; lastKnownFileType = text.plist.xml; path = Info.plist; sourceTree = "<group>"; };
		CD3309C523FB0E4B005EEB65 /* Category.swift */ = {isa = PBXFileReference; lastKnownFileType = sourcecode.swift; path = Category.swift; sourceTree = "<group>"; };
		CD3309C723FB0EB2005EEB65 /* Exercise.swift */ = {isa = PBXFileReference; lastKnownFileType = sourcecode.swift; path = Exercise.swift; sourceTree = "<group>"; };
		CD3309C923FB1528005EEB65 /* Helpers.swift */ = {isa = PBXFileReference; fileEncoding = 4; lastKnownFileType = sourcecode.swift; path = Helpers.swift; sourceTree = "<group>"; };
		CD3309CB23FB1535005EEB65 /* Loadable.swift */ = {isa = PBXFileReference; fileEncoding = 4; lastKnownFileType = sourcecode.swift; path = Loadable.swift; sourceTree = "<group>"; };
		CD3309CF23FB15EA005EEB65 /* AppState.swift */ = {isa = PBXFileReference; lastKnownFileType = sourcecode.swift; path = AppState.swift; sourceTree = "<group>"; };
		CD3309D123FB1991005EEB65 /* DIContainer.swift */ = {isa = PBXFileReference; lastKnownFileType = sourcecode.swift; path = DIContainer.swift; sourceTree = "<group>"; };
		CD3309D323FB1A4E005EEB65 /* InteractorsDIContainer.swift */ = {isa = PBXFileReference; lastKnownFileType = sourcecode.swift; path = InteractorsDIContainer.swift; sourceTree = "<group>"; };
		CD3309D523FB1BA5005EEB65 /* RootViewModifier.swift */ = {isa = PBXFileReference; fileEncoding = 4; lastKnownFileType = sourcecode.swift; path = RootViewModifier.swift; sourceTree = "<group>"; };
		CD3309D723FB1E35005EEB65 /* SystemEventsHandler.swift */ = {isa = PBXFileReference; lastKnownFileType = sourcecode.swift; path = SystemEventsHandler.swift; sourceTree = "<group>"; };
		CD3309D923FB1EF0005EEB65 /* AppSystemEventsHandler.swift */ = {isa = PBXFileReference; lastKnownFileType = sourcecode.swift; path = AppSystemEventsHandler.swift; sourceTree = "<group>"; };
		CD3309DB23FB1FB2005EEB65 /* AppEnvironment.swift */ = {isa = PBXFileReference; lastKnownFileType = sourcecode.swift; path = AppEnvironment.swift; sourceTree = "<group>"; };
		CD3309DD23FB2514005EEB65 /* CategoriesListView.swift */ = {isa = PBXFileReference; lastKnownFileType = sourcecode.swift; path = CategoriesListView.swift; sourceTree = "<group>"; };
		CD3309DF23FB27F0005EEB65 /* ExerciseInteractor.swift */ = {isa = PBXFileReference; lastKnownFileType = sourcecode.swift; path = ExerciseInteractor.swift; sourceTree = "<group>"; };
		CD332211244C563C00347BDC /* CategoriesListViewmodel.swift */ = {isa = PBXFileReference; lastKnownFileType = sourcecode.swift; path = CategoriesListViewmodel.swift; sourceTree = "<group>"; };
		CD4981242449A03800289C53 /* PrivateConfig.swift */ = {isa = PBXFileReference; lastKnownFileType = sourcecode.swift; path = PrivateConfig.swift; sourceTree = "<group>"; };
		CD4BA6E1245045BD000698DE /* en */ = {isa = PBXFileReference; lastKnownFileType = text.plist.strings; name = en; path = en.lproj/Localizable.strings; sourceTree = "<group>"; };
		CD4BA6E3245045DC000698DE /* de */ = {isa = PBXFileReference; lastKnownFileType = text.plist.strings; name = de; path = de.lproj/Localizable.strings; sourceTree = "<group>"; };
		CD527E8A243DF529006E358D /* README_UI.md */ = {isa = PBXFileReference; lastKnownFileType = net.daringfireball.markdown; path = README_UI.md; sourceTree = "<group>"; };
		CD527E8C243DF798006E358D /* BuySubscriptionViewModel.swift */ = {isa = PBXFileReference; lastKnownFileType = sourcecode.swift; path = BuySubscriptionViewModel.swift; sourceTree = "<group>"; };
		CD69E3B3240AAC4200958FFC /* DifficultyView.swift */ = {isa = PBXFileReference; lastKnownFileType = sourcecode.swift; path = DifficultyView.swift; sourceTree = "<group>"; };
		CD69E3B5240ABFE200958FFC /* ThreeStarView.swift */ = {isa = PBXFileReference; lastKnownFileType = sourcecode.swift; path = ThreeStarView.swift; sourceTree = "<group>"; };
		CD69E3B7240AC02F00958FFC /* ExerciseCell.swift */ = {isa = PBXFileReference; lastKnownFileType = sourcecode.swift; path = ExerciseCell.swift; sourceTree = "<group>"; };
		CD6B2E2C244CE1B900FC0ED4 /* ExercisesViewModel.swift */ = {isa = PBXFileReference; lastKnownFileType = sourcecode.swift; path = ExercisesViewModel.swift; sourceTree = "<group>"; };
		CD6B2E2F244DD7BA00FC0ED4 /* ExerciseDetailViewModel.swift */ = {isa = PBXFileReference; lastKnownFileType = sourcecode.swift; path = ExerciseDetailViewModel.swift; sourceTree = "<group>"; };
		CD6B2E31244DDF1E00FC0ED4 /* ContentViewModel.swift */ = {isa = PBXFileReference; lastKnownFileType = sourcecode.swift; path = ContentViewModel.swift; sourceTree = "<group>"; };
		CD8A187A2450D799003F622A /* swiftgen.yml */ = {isa = PBXFileReference; lastKnownFileType = text.yaml; path = swiftgen.yml; sourceTree = "<group>"; };
		CD8A187F2450E403003F622A /* image-Constants.swift */ = {isa = PBXFileReference; fileEncoding = 4; lastKnownFileType = sourcecode.swift; path = "image-Constants.swift"; sourceTree = "<group>"; };
		CD8F1506244DE3EA006DC0D4 /* TabBarViewModel.swift */ = {isa = PBXFileReference; lastKnownFileType = sourcecode.swift; path = TabBarViewModel.swift; sourceTree = "<group>"; };
		CD915FCE240873C500319A0B /* NavigationBarBugFixer.swift */ = {isa = PBXFileReference; lastKnownFileType = sourcecode.swift; path = NavigationBarBugFixer.swift; sourceTree = "<group>"; };
		CD915FD0240879CF00319A0B /* CategorieCell.swift */ = {isa = PBXFileReference; lastKnownFileType = sourcecode.swift; path = CategorieCell.swift; sourceTree = "<group>"; };
		CD915FD32408AEEA00319A0B /* GoogleService-Info.plist */ = {isa = PBXFileReference; fileEncoding = 4; lastKnownFileType = text.plist.xml; path = "GoogleService-Info.plist"; sourceTree = "<group>"; };
		CD9F3A9C24097A910064016B /* ExercisesWebRepository.swift */ = {isa = PBXFileReference; lastKnownFileType = sourcecode.swift; path = ExercisesWebRepository.swift; sourceTree = "<group>"; };
		CDA5A17A2409E7720083097C /* DetailItemView.swift */ = {isa = PBXFileReference; lastKnownFileType = sourcecode.swift; path = DetailItemView.swift; sourceTree = "<group>"; };
		CDAB710B2420247300CCA74A /* FirebaseAuthPublisher.swift */ = {isa = PBXFileReference; lastKnownFileType = sourcecode.swift; path = FirebaseAuthPublisher.swift; sourceTree = "<group>"; };
		CDBE57B924143C06005B6672 /* Color+Extension.swift */ = {isa = PBXFileReference; lastKnownFileType = sourcecode.swift; path = "Color+Extension.swift"; sourceTree = "<group>"; };
		CDC9D64C240C288300D45F49 /* FUIAuthBaseViewControllerWrapper.swift */ = {isa = PBXFileReference; fileEncoding = 4; lastKnownFileType = sourcecode.swift; path = FUIAuthBaseViewControllerWrapper.swift; sourceTree = "<group>"; };
		CDC9D64E240C2B6F00D45F49 /* AuthRepository.swift */ = {isa = PBXFileReference; lastKnownFileType = sourcecode.swift; path = AuthRepository.swift; sourceTree = "<group>"; };
		CDC9D650240C2E8100D45F49 /* AccountInteractor.swift */ = {isa = PBXFileReference; lastKnownFileType = sourcecode.swift; path = AccountInteractor.swift; sourceTree = "<group>"; };
		CDC9D652240C331500D45F49 /* LoginView.swift */ = {isa = PBXFileReference; lastKnownFileType = sourcecode.swift; path = LoginView.swift; sourceTree = "<group>"; };
		CDC9D654240EBFEB00D45F49 /* README.md */ = {isa = PBXFileReference; lastKnownFileType = net.daringfireball.markdown; path = README.md; sourceTree = "<group>"; };
		CDC9D656240ECBF600D45F49 /* FirebaseWebRepository.swift */ = {isa = PBXFileReference; lastKnownFileType = sourcecode.swift; path = FirebaseWebRepository.swift; sourceTree = "<group>"; };
		CDC9D658240ED94A00D45F49 /* TabBarView.swift */ = {isa = PBXFileReference; lastKnownFileType = sourcecode.swift; path = TabBarView.swift; sourceTree = "<group>"; };
		CDC9D65A240EDB6A00D45F49 /* TabBarItem.swift */ = {isa = PBXFileReference; fileEncoding = 4; lastKnownFileType = sourcecode.swift; path = TabBarItem.swift; sourceTree = "<group>"; };
		CDC9D661240F405100D45F49 /* ActionButton.swift */ = {isa = PBXFileReference; lastKnownFileType = sourcecode.swift; path = ActionButton.swift; sourceTree = "<group>"; };
		CDC9D663240F406B00D45F49 /* NotLoggedInView.swift */ = {isa = PBXFileReference; lastKnownFileType = sourcecode.swift; path = NotLoggedInView.swift; sourceTree = "<group>"; };
		CDCD3D6924100FD600DB811F /* BuySubscriptionElementView.swift */ = {isa = PBXFileReference; lastKnownFileType = sourcecode.swift; path = BuySubscriptionElementView.swift; sourceTree = "<group>"; };
		CDCD3D6D2410666D00DB811F /* PremiumRepository.swift */ = {isa = PBXFileReference; lastKnownFileType = sourcecode.swift; path = PremiumRepository.swift; sourceTree = "<group>"; };
		CDE3A38C243B4E4A005A4FC0 /* ManageAccountView.swift */ = {isa = PBXFileReference; lastKnownFileType = sourcecode.swift; path = ManageAccountView.swift; sourceTree = "<group>"; };
		CDE3A38E243B5059005A4FC0 /* ProfilOverviewView.swift */ = {isa = PBXFileReference; lastKnownFileType = sourcecode.swift; path = ProfilOverviewView.swift; sourceTree = "<group>"; };
		CDE3A390243B5848005A4FC0 /* FeedbackView.swift */ = {isa = PBXFileReference; lastKnownFileType = sourcecode.swift; path = FeedbackView.swift; sourceTree = "<group>"; };
		CDE3A392243B5B34005A4FC0 /* SubscriptionView.swift */ = {isa = PBXFileReference; lastKnownFileType = sourcecode.swift; path = SubscriptionView.swift; sourceTree = "<group>"; };
		CDE3A395243B6697005A4FC0 /* String+Extensions.swift */ = {isa = PBXFileReference; lastKnownFileType = sourcecode.swift; path = "String+Extensions.swift"; sourceTree = "<group>"; };
		CDE3A398243B6E50005A4FC0 /* NoValidSubscription.swift */ = {isa = PBXFileReference; lastKnownFileType = sourcecode.swift; path = NoValidSubscription.swift; sourceTree = "<group>"; };
		CDE3A39A243B6E6B005A4FC0 /* HasSubscription.swift */ = {isa = PBXFileReference; lastKnownFileType = sourcecode.swift; path = HasSubscription.swift; sourceTree = "<group>"; };
		CDE3A39C243B81A1005A4FC0 /* ProfilView.swift */ = {isa = PBXFileReference; lastKnownFileType = sourcecode.swift; path = ProfilView.swift; sourceTree = "<group>"; };
		CDE3A39E243B829F005A4FC0 /* BuySubscriptionView.swift */ = {isa = PBXFileReference; lastKnownFileType = sourcecode.swift; path = BuySubscriptionView.swift; sourceTree = "<group>"; };
		CDE3A3A0243B82B3005A4FC0 /* SubscriptionTestView.swift */ = {isa = PBXFileReference; lastKnownFileType = sourcecode.swift; path = SubscriptionTestView.swift; sourceTree = "<group>"; };
		CDE3A3A2243B8733005A4FC0 /* CancelSubscriptionView.swift */ = {isa = PBXFileReference; lastKnownFileType = sourcecode.swift; path = CancelSubscriptionView.swift; sourceTree = "<group>"; };
		CDE3A3A4243BA979005A4FC0 /* AccountView.swift */ = {isa = PBXFileReference; lastKnownFileType = sourcecode.swift; path = AccountView.swift; sourceTree = "<group>"; };
		CDE3A3A7243BB1C6005A4FC0 /* AccountViewModel.swift */ = {isa = PBXFileReference; lastKnownFileType = sourcecode.swift; path = AccountViewModel.swift; sourceTree = "<group>"; };
		CDEA60D12439607500B35C35 /* FirestoreDocumentPublisher.swift */ = {isa = PBXFileReference; lastKnownFileType = sourcecode.swift; path = FirestoreDocumentPublisher.swift; sourceTree = "<group>"; };
		CDEFDED5243A2DF20055A172 /* FirestoreDecodedDocumentPublisher.swift */ = {isa = PBXFileReference; lastKnownFileType = sourcecode.swift; path = FirestoreDecodedDocumentPublisher.swift; sourceTree = "<group>"; };
		E866652A390AD74FAA9DCEB1 /* Pods-LearnHockeyTests.release.xcconfig */ = {isa = PBXFileReference; includeInIndex = 1; lastKnownFileType = text.xcconfig; name = "Pods-LearnHockeyTests.release.xcconfig"; path = "Target Support Files/Pods-LearnHockeyTests/Pods-LearnHockeyTests.release.xcconfig"; sourceTree = "<group>"; };
/* End PBXFileReference section */

/* Begin PBXFrameworksBuildPhase section */
		CD33098623FB0D7B005EEB65 /* Frameworks */ = {
			isa = PBXFrameworksBuildPhase;
			buildActionMask = 2147483647;
			files = (
				CD02E5392409774C00F68AA3 /* KingfisherSwiftUI in Frameworks */,
				BF537F100B870D2A9FDD53AB /* Pods_LearnHockey.framework in Frameworks */,
				CD527E90243E150C006E358D /* Purchases in Frameworks */,
			);
			runOnlyForDeploymentPostprocessing = 0;
		};
		CD33099C23FB0D7C005EEB65 /* Frameworks */ = {
			isa = PBXFrameworksBuildPhase;
			buildActionMask = 2147483647;
			files = (
				1CF486FF8FC6D790B22119F6 /* Pods_LearnHockeyTests.framework in Frameworks */,
			);
			runOnlyForDeploymentPostprocessing = 0;
		};
		CD3309A723FB0D7C005EEB65 /* Frameworks */ = {
			isa = PBXFrameworksBuildPhase;
			buildActionMask = 2147483647;
			files = (
				9EFF6AC1F88C543E7E5BD1CD /* Pods_LearnHockeyUITests.framework in Frameworks */,
			);
			runOnlyForDeploymentPostprocessing = 0;
		};
/* End PBXFrameworksBuildPhase section */

/* Begin PBXGroup section */
		4B62CA5A779AABDD7D5321D2 /* Pods */ = {
			isa = PBXGroup;
			children = (
				6B5E2913131C164E621D8AEE /* Pods-LearnHockey.debug.xcconfig */,
				4992F67C161CE5C91DD96C10 /* Pods-LearnHockey.release.xcconfig */,
				59D60CFDD51189A264A15391 /* Pods-LearnHockeyTests.debug.xcconfig */,
				E866652A390AD74FAA9DCEB1 /* Pods-LearnHockeyTests.release.xcconfig */,
				AAA7902C530CE1BF3F3D67D9 /* Pods-LearnHockeyUITests.debug.xcconfig */,
				206D144485BAF8A9320D501E /* Pods-LearnHockeyUITests.release.xcconfig */,
			);
			path = Pods;
			sourceTree = "<group>";
		};
		92AACEACAF90F54A46883F80 /* Frameworks */ = {
			isa = PBXGroup;
			children = (
				4DE18FD8C0F66E09477D141A /* Pods_LearnHockey.framework */,
				197DA04405D01F4333E9A10A /* Pods_LearnHockeyTests.framework */,
				AA1D40C25CCA28368DA811C6 /* Pods_LearnHockeyUITests.framework */,
			);
			name = Frameworks;
			sourceTree = "<group>";
		};
		CD02E51224095B0D00F68AA3 /* Storage */ = {
			isa = PBXGroup;
			children = (
				CD02E51324095B3000F68AA3 /* CRUDStorage.swift */,
				CD02E515240965A400F68AA3 /* StorageRepository.swift */,
			);
			path = Storage;
			sourceTree = "<group>";
		};
		CD12B325243D2DB200331E78 /* Profil */ = {
			isa = PBXGroup;
			children = (
				CDE3A38E243B5059005A4FC0 /* ProfilOverviewView.swift */,
				CDE3A390243B5848005A4FC0 /* FeedbackView.swift */,
				CDE3A39C243B81A1005A4FC0 /* ProfilView.swift */,
			);
			path = Profil;
			sourceTree = "<group>";
		};
		CD33098023FB0D7B005EEB65 = {
			isa = PBXGroup;
			children = (
				CDC9D654240EBFEB00D45F49 /* README.md */,
				CD8A187A2450D799003F622A /* swiftgen.yml */,
				CD33098B23FB0D7B005EEB65 /* LearnHockey */,
				CD3309A223FB0D7C005EEB65 /* LearnHockeyTests */,
				CD3309AD23FB0D7C005EEB65 /* LearnHockeyUITests */,
				CD33098A23FB0D7B005EEB65 /* Products */,
				4B62CA5A779AABDD7D5321D2 /* Pods */,
				92AACEACAF90F54A46883F80 /* Frameworks */,
			);
			sourceTree = "<group>";
		};
		CD33098A23FB0D7B005EEB65 /* Products */ = {
			isa = PBXGroup;
			children = (
				CD33098923FB0D7B005EEB65 /* LearnHockey.app */,
				CD33099F23FB0D7C005EEB65 /* LearnHockeyTests.xctest */,
				CD3309AA23FB0D7C005EEB65 /* LearnHockeyUITests.xctest */,
			);
			name = Products;
			sourceTree = "<group>";
		};
		CD33098B23FB0D7B005EEB65 /* LearnHockey */ = {
			isa = PBXGroup;
			children = (
				CD8A187C2450D938003F622A /* Generated */,
				CD33099A23FB0D7C005EEB65 /* Info.plist */,
				CD3309C223FB0E16005EEB65 /* UI */,
				CD3309C123FB0E0F005EEB65 /* Models */,
				CD3309C023FB0E05005EEB65 /* Interactors */,
				CD3309BF23FB0DF8005EEB65 /* Repositories */,
				CD3309BE23FB0DF2005EEB65 /* Injected */,
				CD3309BD23FB0DE7005EEB65 /* Utilities */,
				CD3309BC23FB0DE0005EEB65 /* System */,
				CD915FD22408AED900319A0B /* Resources */,
				CD33099423FB0D7C005EEB65 /* Preview Content */,
			);
			path = LearnHockey;
			sourceTree = "<group>";
		};
		CD33099423FB0D7C005EEB65 /* Preview Content */ = {
			isa = PBXGroup;
			children = (
				CD33099523FB0D7C005EEB65 /* Preview Assets.xcassets */,
			);
			path = "Preview Content";
			sourceTree = "<group>";
		};
		CD3309A223FB0D7C005EEB65 /* LearnHockeyTests */ = {
			isa = PBXGroup;
			children = (
				CD3309A323FB0D7C005EEB65 /* LearnHockeyTests.swift */,
				CD3309A523FB0D7C005EEB65 /* Info.plist */,
			);
			path = LearnHockeyTests;
			sourceTree = "<group>";
		};
		CD3309AD23FB0D7C005EEB65 /* LearnHockeyUITests */ = {
			isa = PBXGroup;
			children = (
				CD3309AE23FB0D7C005EEB65 /* LearnHockeyUITests.swift */,
				CD3309B023FB0D7C005EEB65 /* Info.plist */,
			);
			path = LearnHockeyUITests;
			sourceTree = "<group>";
		};
		CD3309BC23FB0DE0005EEB65 /* System */ = {
			isa = PBXGroup;
			children = (
				CD33098C23FB0D7B005EEB65 /* AppDelegate.swift */,
				CD33098E23FB0D7B005EEB65 /* SceneDelegate.swift */,
				CD3309DB23FB1FB2005EEB65 /* AppEnvironment.swift */,
				CD3309D723FB1E35005EEB65 /* SystemEventsHandler.swift */,
				CD3309D923FB1EF0005EEB65 /* AppSystemEventsHandler.swift */,
				CD4981242449A03800289C53 /* PrivateConfig.swift */,
			);
			path = System;
			sourceTree = "<group>";
		};
		CD3309BD23FB0DE7005EEB65 /* Utilities */ = {
			isa = PBXGroup;
			children = (
				CDE3A394243B6685005A4FC0 /* Extensions */,
				CD3309CB23FB1535005EEB65 /* Loadable.swift */,
				CD3309C923FB1528005EEB65 /* Helpers.swift */,
				CD02E53A2409778B00F68AA3 /* KingfisherBridge.swift */,
				CD12B323243CD06B00331E78 /* CancelBag.swift */,
			);
			path = Utilities;
			sourceTree = "<group>";
		};
		CD3309BE23FB0DF2005EEB65 /* Injected */ = {
			isa = PBXGroup;
			children = (
				CD3309CF23FB15EA005EEB65 /* AppState.swift */,
				CD3309D123FB1991005EEB65 /* DIContainer.swift */,
				CD3309D323FB1A4E005EEB65 /* InteractorsDIContainer.swift */,
			);
			path = Injected;
			sourceTree = "<group>";
		};
		CD3309BF23FB0DF8005EEB65 /* Repositories */ = {
			isa = PBXGroup;
			children = (
				CDEFDED2243A2D530055A172 /* Publisher */,
				CD9F3A9B240979CA0064016B /* Firestore */,
				CD02E51224095B0D00F68AA3 /* Storage */,
				CD2CDADF2438D1F800EB0395 /* AccountRepository.swift */,
				CD9F3A9C24097A910064016B /* ExercisesWebRepository.swift */,
				CDC9D64E240C2B6F00D45F49 /* AuthRepository.swift */,
				CDCD3D6D2410666D00DB811F /* PremiumRepository.swift */,
			);
			path = Repositories;
			sourceTree = "<group>";
		};
		CD3309C023FB0E05005EEB65 /* Interactors */ = {
			isa = PBXGroup;
			children = (
				CD3309DF23FB27F0005EEB65 /* ExerciseInteractor.swift */,
				CDC9D650240C2E8100D45F49 /* AccountInteractor.swift */,
			);
			path = Interactors;
			sourceTree = "<group>";
		};
		CD3309C123FB0E0F005EEB65 /* Models */ = {
			isa = PBXGroup;
			children = (
				CD3309C523FB0E4B005EEB65 /* Category.swift */,
				CD3309C723FB0EB2005EEB65 /* Exercise.swift */,
			);
			name = Models;
			sourceTree = "<group>";
		};
		CD3309C223FB0E16005EEB65 /* UI */ = {
			isa = PBXGroup;
			children = (
				CDC9D64B240C286E00D45F49 /* UIKit Wrapper */,
				CD915FCD240873AD00319A0B /* Modifiers */,
				CD3309C423FB0E24005EEB65 /* Components */,
				CD3309C323FB0E1B005EEB65 /* Screens */,
				CDBE57B924143C06005B6672 /* Color+Extension.swift */,
				CD527E8A243DF529006E358D /* README_UI.md */,
			);
			path = UI;
			sourceTree = "<group>";
		};
		CD3309C323FB0E1B005EEB65 /* Screens */ = {
			isa = PBXGroup;
			children = (
				CD8F1505244DE38D006DC0D4 /* TabBar */,
				CD6B2E33244DDF2500FC0ED4 /* ContentView */,
				CD6B2E2E244DD79400FC0ED4 /* ExerciseDetail */,
				CD6B2E2B244CE19D00FC0ED4 /* Exercises */,
				CD332210244C562400347BDC /* CategoriesList */,
				CDE3A3A6243BADBC005A4FC0 /* Account */,
			);
			path = Screens;
			sourceTree = "<group>";
		};
		CD3309C423FB0E24005EEB65 /* Components */ = {
			isa = PBXGroup;
			children = (
				CDC9D65E240EDED800D45F49 /* Account */,
				CDC9D665240F413B00D45F49 /* Exercises */,
				CDC9D65A240EDB6A00D45F49 /* TabBarItem.swift */,
				CD915FD0240879CF00319A0B /* CategorieCell.swift */,
				CDA5A17A2409E7720083097C /* DetailItemView.swift */,
			);
			path = Components;
			sourceTree = "<group>";
		};
		CD332210244C562400347BDC /* CategoriesList */ = {
			isa = PBXGroup;
			children = (
				CD3309DD23FB2514005EEB65 /* CategoriesListView.swift */,
				CD332211244C563C00347BDC /* CategoriesListViewmodel.swift */,
			);
			path = CategoriesList;
			sourceTree = "<group>";
		};
		CD527E89243DF4CD006E358D /* BuySubscription */ = {
			isa = PBXGroup;
			children = (
				CDCD3D6924100FD600DB811F /* BuySubscriptionElementView.swift */,
				CDE3A39E243B829F005A4FC0 /* BuySubscriptionView.swift */,
				CDE3A3A0243B82B3005A4FC0 /* SubscriptionTestView.swift */,
				CD527E8C243DF798006E358D /* BuySubscriptionViewModel.swift */,
			);
			path = BuySubscription;
			sourceTree = "<group>";
		};
		CD6B2E2B244CE19D00FC0ED4 /* Exercises */ = {
			isa = PBXGroup;
			children = (
				CD20326B23FC942D00EE5365 /* ExercisesView.swift */,
				CD6B2E2C244CE1B900FC0ED4 /* ExercisesViewModel.swift */,
			);
			path = Exercises;
			sourceTree = "<group>";
		};
		CD6B2E2E244DD79400FC0ED4 /* ExerciseDetail */ = {
			isa = PBXGroup;
			children = (
				CD02E5102409524000F68AA3 /* ExerciseDetailView.swift */,
				CD6B2E2F244DD7BA00FC0ED4 /* ExerciseDetailViewModel.swift */,
			);
			path = ExerciseDetail;
			sourceTree = "<group>";
		};
		CD6B2E33244DDF2500FC0ED4 /* ContentView */ = {
			isa = PBXGroup;
			children = (
				CD6B2E31244DDF1E00FC0ED4 /* ContentViewModel.swift */,
				CD33099023FB0D7B005EEB65 /* ContentView.swift */,
			);
			path = ContentView;
			sourceTree = "<group>";
		};
		CD8A187C2450D938003F622A /* Generated */ = {
			isa = PBXGroup;
			children = (
				CD8A187F2450E403003F622A /* image-Constants.swift */,
			);
			path = Generated;
			sourceTree = "<group>";
		};
		CD8F1505244DE38D006DC0D4 /* TabBar */ = {
			isa = PBXGroup;
			children = (
				CDC9D658240ED94A00D45F49 /* TabBarView.swift */,
				CD8F1506244DE3EA006DC0D4 /* TabBarViewModel.swift */,
			);
			path = TabBar;
			sourceTree = "<group>";
		};
		CD915FCD240873AD00319A0B /* Modifiers */ = {
			isa = PBXGroup;
			children = (
				CD3309D523FB1BA5005EEB65 /* RootViewModifier.swift */,
				CD915FCE240873C500319A0B /* NavigationBarBugFixer.swift */,
			);
			path = Modifiers;
			sourceTree = "<group>";
		};
		CD915FD22408AED900319A0B /* Resources */ = {
			isa = PBXGroup;
			children = (
				CD915FD32408AEEA00319A0B /* GoogleService-Info.plist */,
				CD33099223FB0D7C005EEB65 /* Assets.xcassets */,
				CD4BA6E2245045BD000698DE /* Localizable.strings */,
			);
			path = Resources;
			sourceTree = "<group>";
		};
		CD9F3A9B240979CA0064016B /* Firestore */ = {
			isa = PBXGroup;
			children = (
				CDC9D656240ECBF600D45F49 /* FirebaseWebRepository.swift */,
			);
			path = Firestore;
			sourceTree = "<group>";
		};
		CDC9D64B240C286E00D45F49 /* UIKit Wrapper */ = {
			isa = PBXGroup;
			children = (
				CDC9D64C240C288300D45F49 /* FUIAuthBaseViewControllerWrapper.swift */,
			);
			path = "UIKit Wrapper";
			sourceTree = "<group>";
		};
		CDC9D65E240EDED800D45F49 /* Account */ = {
			isa = PBXGroup;
			children = (
				CD12B325243D2DB200331E78 /* Profil */,
				CDE3A397243B6E29005A4FC0 /* Subscription */,
				CDC9D652240C331500D45F49 /* LoginView.swift */,
				CDC9D661240F405100D45F49 /* ActionButton.swift */,
				CDC9D663240F406B00D45F49 /* NotLoggedInView.swift */,
				CD527E89243DF4CD006E358D /* BuySubscription */,
				CDE3A38C243B4E4A005A4FC0 /* ManageAccountView.swift */,
				CDE3A3A2243B8733005A4FC0 /* CancelSubscriptionView.swift */,
			);
			path = Account;
			sourceTree = "<group>";
		};
		CDC9D665240F413B00D45F49 /* Exercises */ = {
			isa = PBXGroup;
			children = (
				CD69E3B3240AAC4200958FFC /* DifficultyView.swift */,
				CD69E3B5240ABFE200958FFC /* ThreeStarView.swift */,
				CD69E3B7240AC02F00958FFC /* ExerciseCell.swift */,
				CD2CDADD2437DD5900EB0395 /* ExerciseCellViewModel.swift */,
			);
			path = Exercises;
			sourceTree = "<group>";
		};
		CDE3A394243B6685005A4FC0 /* Extensions */ = {
			isa = PBXGroup;
			children = (
				CDE3A395243B6697005A4FC0 /* String+Extensions.swift */,
			);
			path = Extensions;
			sourceTree = "<group>";
		};
		CDE3A397243B6E29005A4FC0 /* Subscription */ = {
			isa = PBXGroup;
			children = (
				CDE3A392243B5B34005A4FC0 /* SubscriptionView.swift */,
				CDE3A398243B6E50005A4FC0 /* NoValidSubscription.swift */,
				CDE3A39A243B6E6B005A4FC0 /* HasSubscription.swift */,
			);
			path = Subscription;
			sourceTree = "<group>";
		};
		CDE3A3A6243BADBC005A4FC0 /* Account */ = {
			isa = PBXGroup;
			children = (
				CDE3A3A4243BA979005A4FC0 /* AccountView.swift */,
				CDE3A3A7243BB1C6005A4FC0 /* AccountViewModel.swift */,
			);
			path = Account;
			sourceTree = "<group>";
		};
		CDEFDED2243A2D530055A172 /* Publisher */ = {
			isa = PBXGroup;
			children = (
				CDEFDED3243A2D5D0055A172 /* Firebase */,
			);
			path = Publisher;
			sourceTree = "<group>";
		};
		CDEFDED3243A2D5D0055A172 /* Firebase */ = {
			isa = PBXGroup;
			children = (
				CDEFDED4243A2DD20055A172 /* Firestore */,
				CDFB381C2422A715007B0614 /* Authentication */,
			);
			path = Firebase;
			sourceTree = "<group>";
		};
		CDEFDED4243A2DD20055A172 /* Firestore */ = {
			isa = PBXGroup;
			children = (
				CDEA60D12439607500B35C35 /* FirestoreDocumentPublisher.swift */,
				CDEFDED5243A2DF20055A172 /* FirestoreDecodedDocumentPublisher.swift */,
			);
			path = Firestore;
			sourceTree = "<group>";
		};
		CDFB381C2422A715007B0614 /* Authentication */ = {
			isa = PBXGroup;
			children = (
				CDAB710B2420247300CCA74A /* FirebaseAuthPublisher.swift */,
			);
			path = Authentication;
			sourceTree = "<group>";
		};
/* End PBXGroup section */

/* Begin PBXNativeTarget section */
		CD33098823FB0D7B005EEB65 /* LearnHockey */ = {
			isa = PBXNativeTarget;
			buildConfigurationList = CD3309B323FB0D7C005EEB65 /* Build configuration list for PBXNativeTarget "LearnHockey" */;
			buildPhases = (
				E71E8A63CE468C53BFE716F1 /* [CP] Check Pods Manifest.lock */,
				CD33098523FB0D7B005EEB65 /* Sources */,
				CD33098623FB0D7B005EEB65 /* Frameworks */,
				CD33098723FB0D7B005EEB65 /* Resources */,
				4184CC87CB277609E99B3098 /* [CP] Embed Pods Frameworks */,
				D512C36B0EDF84DA60713D11 /* [CP] Copy Pods Resources */,
				CD8A18792450D5A4003F622A /* ShellScript */,
			);
			buildRules = (
			);
			dependencies = (
			);
			name = LearnHockey;
			packageProductDependencies = (
				CD02E5382409774C00F68AA3 /* KingfisherSwiftUI */,
				CD527E8F243E150C006E358D /* Purchases */,
			);
			productName = LearnHockey;
			productReference = CD33098923FB0D7B005EEB65 /* LearnHockey.app */;
			productType = "com.apple.product-type.application";
		};
		CD33099E23FB0D7C005EEB65 /* LearnHockeyTests */ = {
			isa = PBXNativeTarget;
			buildConfigurationList = CD3309B623FB0D7C005EEB65 /* Build configuration list for PBXNativeTarget "LearnHockeyTests" */;
			buildPhases = (
				D1FFD9446D333C1AAEC6FF36 /* [CP] Check Pods Manifest.lock */,
				CD33099B23FB0D7C005EEB65 /* Sources */,
				CD33099C23FB0D7C005EEB65 /* Frameworks */,
				CD33099D23FB0D7C005EEB65 /* Resources */,
			);
			buildRules = (
			);
			dependencies = (
				CD3309A123FB0D7C005EEB65 /* PBXTargetDependency */,
			);
			name = LearnHockeyTests;
			productName = LearnHockeyTests;
			productReference = CD33099F23FB0D7C005EEB65 /* LearnHockeyTests.xctest */;
			productType = "com.apple.product-type.bundle.unit-test";
		};
		CD3309A923FB0D7C005EEB65 /* LearnHockeyUITests */ = {
			isa = PBXNativeTarget;
			buildConfigurationList = CD3309B923FB0D7C005EEB65 /* Build configuration list for PBXNativeTarget "LearnHockeyUITests" */;
			buildPhases = (
				1D067C08E36B18F9D6D06DD8 /* [CP] Check Pods Manifest.lock */,
				CD3309A623FB0D7C005EEB65 /* Sources */,
				CD3309A723FB0D7C005EEB65 /* Frameworks */,
				CD3309A823FB0D7C005EEB65 /* Resources */,
			);
			buildRules = (
			);
			dependencies = (
				CD3309AC23FB0D7C005EEB65 /* PBXTargetDependency */,
			);
			name = LearnHockeyUITests;
			productName = LearnHockeyUITests;
			productReference = CD3309AA23FB0D7C005EEB65 /* LearnHockeyUITests.xctest */;
			productType = "com.apple.product-type.bundle.ui-testing";
		};
/* End PBXNativeTarget section */

/* Begin PBXProject section */
		CD33098123FB0D7B005EEB65 /* Project object */ = {
			isa = PBXProject;
			attributes = {
				LastSwiftUpdateCheck = 1130;
				LastUpgradeCheck = 1130;
				ORGANIZATIONNAME = "Patrick Fischer";
				TargetAttributes = {
					CD33098823FB0D7B005EEB65 = {
						CreatedOnToolsVersion = 11.3.1;
					};
					CD33099E23FB0D7C005EEB65 = {
						CreatedOnToolsVersion = 11.3.1;
						TestTargetID = CD33098823FB0D7B005EEB65;
					};
					CD3309A923FB0D7C005EEB65 = {
						CreatedOnToolsVersion = 11.3.1;
						TestTargetID = CD33098823FB0D7B005EEB65;
					};
				};
			};
			buildConfigurationList = CD33098423FB0D7B005EEB65 /* Build configuration list for PBXProject "LearnHockey" */;
			compatibilityVersion = "Xcode 9.3";
			developmentRegion = en;
			hasScannedForEncodings = 0;
			knownRegions = (
				en,
				Base,
				de,
			);
			mainGroup = CD33098023FB0D7B005EEB65;
			packageReferences = (
				CD02E5372409774C00F68AA3 /* XCRemoteSwiftPackageReference "Kingfisher" */,
				CD527E8E243E150C006E358D /* XCRemoteSwiftPackageReference "purchases-ios" */,
			);
			productRefGroup = CD33098A23FB0D7B005EEB65 /* Products */;
			projectDirPath = "";
			projectRoot = "";
			targets = (
				CD33098823FB0D7B005EEB65 /* LearnHockey */,
				CD33099E23FB0D7C005EEB65 /* LearnHockeyTests */,
				CD3309A923FB0D7C005EEB65 /* LearnHockeyUITests */,
			);
		};
/* End PBXProject section */

/* Begin PBXResourcesBuildPhase section */
		CD33098723FB0D7B005EEB65 /* Resources */ = {
			isa = PBXResourcesBuildPhase;
			buildActionMask = 2147483647;
			files = (
				CD527E8B243DF529006E358D /* README_UI.md in Resources */,
				CD8A187B2450D799003F622A /* swiftgen.yml in Resources */,
				CD4BA6E0245045BD000698DE /* Localizable.strings in Resources */,
				CD33099623FB0D7C005EEB65 /* Preview Assets.xcassets in Resources */,
				CDC9D655240EBFEB00D45F49 /* README.md in Resources */,
				CD915FD42408AEEA00319A0B /* GoogleService-Info.plist in Resources */,
				CD33099323FB0D7C005EEB65 /* Assets.xcassets in Resources */,
			);
			runOnlyForDeploymentPostprocessing = 0;
		};
		CD33099D23FB0D7C005EEB65 /* Resources */ = {
			isa = PBXResourcesBuildPhase;
			buildActionMask = 2147483647;
			files = (
			);
			runOnlyForDeploymentPostprocessing = 0;
		};
		CD3309A823FB0D7C005EEB65 /* Resources */ = {
			isa = PBXResourcesBuildPhase;
			buildActionMask = 2147483647;
			files = (
			);
			runOnlyForDeploymentPostprocessing = 0;
		};
/* End PBXResourcesBuildPhase section */

/* Begin PBXShellScriptBuildPhase section */
		1D067C08E36B18F9D6D06DD8 /* [CP] Check Pods Manifest.lock */ = {
			isa = PBXShellScriptBuildPhase;
			buildActionMask = 2147483647;
			files = (
			);
			inputFileListPaths = (
			);
			inputPaths = (
				"${PODS_PODFILE_DIR_PATH}/Podfile.lock",
				"${PODS_ROOT}/Manifest.lock",
			);
			name = "[CP] Check Pods Manifest.lock";
			outputFileListPaths = (
			);
			outputPaths = (
				"$(DERIVED_FILE_DIR)/Pods-LearnHockeyUITests-checkManifestLockResult.txt",
			);
			runOnlyForDeploymentPostprocessing = 0;
			shellPath = /bin/sh;
			shellScript = "diff \"${PODS_PODFILE_DIR_PATH}/Podfile.lock\" \"${PODS_ROOT}/Manifest.lock\" > /dev/null\nif [ $? != 0 ] ; then\n    # print error to STDERR\n    echo \"error: The sandbox is not in sync with the Podfile.lock. Run 'pod install' or update your CocoaPods installation.\" >&2\n    exit 1\nfi\n# This output is used by Xcode 'outputs' to avoid re-running this script phase.\necho \"SUCCESS\" > \"${SCRIPT_OUTPUT_FILE_0}\"\n";
			showEnvVarsInLog = 0;
		};
		4184CC87CB277609E99B3098 /* [CP] Embed Pods Frameworks */ = {
			isa = PBXShellScriptBuildPhase;
			buildActionMask = 2147483647;
			files = (
			);
			inputFileListPaths = (
				"${PODS_ROOT}/Target Support Files/Pods-LearnHockey/Pods-LearnHockey-frameworks-${CONFIGURATION}-input-files.xcfilelist",
			);
			name = "[CP] Embed Pods Frameworks";
			outputFileListPaths = (
				"${PODS_ROOT}/Target Support Files/Pods-LearnHockey/Pods-LearnHockey-frameworks-${CONFIGURATION}-output-files.xcfilelist",
			);
			runOnlyForDeploymentPostprocessing = 0;
			shellPath = /bin/sh;
			shellScript = "\"${PODS_ROOT}/Target Support Files/Pods-LearnHockey/Pods-LearnHockey-frameworks.sh\"\n";
			showEnvVarsInLog = 0;
		};
		CD8A18792450D5A4003F622A /* ShellScript */ = {
			isa = PBXShellScriptBuildPhase;
			buildActionMask = 2147483647;
			files = (
			);
			inputFileListPaths = (
			);
			inputPaths = (
			);
			outputFileListPaths = (
			);
			outputPaths = (
			);
			runOnlyForDeploymentPostprocessing = 0;
			shellPath = /bin/sh;
			shellScript = "# Type a script or drag a script file from your workspace to insert its path.\n$PODS_ROOT/SwiftGen/bin/swiftgen\n";
		};
		D1FFD9446D333C1AAEC6FF36 /* [CP] Check Pods Manifest.lock */ = {
			isa = PBXShellScriptBuildPhase;
			buildActionMask = 2147483647;
			files = (
			);
			inputFileListPaths = (
			);
			inputPaths = (
				"${PODS_PODFILE_DIR_PATH}/Podfile.lock",
				"${PODS_ROOT}/Manifest.lock",
			);
			name = "[CP] Check Pods Manifest.lock";
			outputFileListPaths = (
			);
			outputPaths = (
				"$(DERIVED_FILE_DIR)/Pods-LearnHockeyTests-checkManifestLockResult.txt",
			);
			runOnlyForDeploymentPostprocessing = 0;
			shellPath = /bin/sh;
			shellScript = "diff \"${PODS_PODFILE_DIR_PATH}/Podfile.lock\" \"${PODS_ROOT}/Manifest.lock\" > /dev/null\nif [ $? != 0 ] ; then\n    # print error to STDERR\n    echo \"error: The sandbox is not in sync with the Podfile.lock. Run 'pod install' or update your CocoaPods installation.\" >&2\n    exit 1\nfi\n# This output is used by Xcode 'outputs' to avoid re-running this script phase.\necho \"SUCCESS\" > \"${SCRIPT_OUTPUT_FILE_0}\"\n";
			showEnvVarsInLog = 0;
		};
		D512C36B0EDF84DA60713D11 /* [CP] Copy Pods Resources */ = {
			isa = PBXShellScriptBuildPhase;
			buildActionMask = 2147483647;
			files = (
			);
			inputFileListPaths = (
				"${PODS_ROOT}/Target Support Files/Pods-LearnHockey/Pods-LearnHockey-resources-${CONFIGURATION}-input-files.xcfilelist",
			);
			name = "[CP] Copy Pods Resources";
			outputFileListPaths = (
				"${PODS_ROOT}/Target Support Files/Pods-LearnHockey/Pods-LearnHockey-resources-${CONFIGURATION}-output-files.xcfilelist",
			);
			runOnlyForDeploymentPostprocessing = 0;
			shellPath = /bin/sh;
			shellScript = "\"${PODS_ROOT}/Target Support Files/Pods-LearnHockey/Pods-LearnHockey-resources.sh\"\n";
			showEnvVarsInLog = 0;
		};
		E71E8A63CE468C53BFE716F1 /* [CP] Check Pods Manifest.lock */ = {
			isa = PBXShellScriptBuildPhase;
			buildActionMask = 2147483647;
			files = (
			);
			inputFileListPaths = (
			);
			inputPaths = (
				"${PODS_PODFILE_DIR_PATH}/Podfile.lock",
				"${PODS_ROOT}/Manifest.lock",
			);
			name = "[CP] Check Pods Manifest.lock";
			outputFileListPaths = (
			);
			outputPaths = (
				"$(DERIVED_FILE_DIR)/Pods-LearnHockey-checkManifestLockResult.txt",
			);
			runOnlyForDeploymentPostprocessing = 0;
			shellPath = /bin/sh;
			shellScript = "diff \"${PODS_PODFILE_DIR_PATH}/Podfile.lock\" \"${PODS_ROOT}/Manifest.lock\" > /dev/null\nif [ $? != 0 ] ; then\n    # print error to STDERR\n    echo \"error: The sandbox is not in sync with the Podfile.lock. Run 'pod install' or update your CocoaPods installation.\" >&2\n    exit 1\nfi\n# This output is used by Xcode 'outputs' to avoid re-running this script phase.\necho \"SUCCESS\" > \"${SCRIPT_OUTPUT_FILE_0}\"\n";
			showEnvVarsInLog = 0;
		};
/* End PBXShellScriptBuildPhase section */

/* Begin PBXSourcesBuildPhase section */
		CD33098523FB0D7B005EEB65 /* Sources */ = {
			isa = PBXSourcesBuildPhase;
			buildActionMask = 2147483647;
			files = (
				CDC9D659240ED94A00D45F49 /* TabBarView.swift in Sources */,
				CDE3A38F243B5059005A4FC0 /* ProfilOverviewView.swift in Sources */,
				CDE3A399243B6E50005A4FC0 /* NoValidSubscription.swift in Sources */,
				CDBE57BA24143C06005B6672 /* Color+Extension.swift in Sources */,
				CD9F3A9D24097A910064016B /* ExercisesWebRepository.swift in Sources */,
				CD3309DE23FB2514005EEB65 /* CategoriesListView.swift in Sources */,
				CD332212244C563C00347BDC /* CategoriesListViewmodel.swift in Sources */,
				CD3309C823FB0EB2005EEB65 /* Exercise.swift in Sources */,
				CDCD3D6E2410666D00DB811F /* PremiumRepository.swift in Sources */,
				CDC9D657240ECBF600D45F49 /* FirebaseWebRepository.swift in Sources */,
				CDC9D64F240C2B6F00D45F49 /* AuthRepository.swift in Sources */,
				CD527E8D243DF798006E358D /* BuySubscriptionViewModel.swift in Sources */,
				CD3309CC23FB1535005EEB65 /* Loadable.swift in Sources */,
				CDE3A39D243B81A1005A4FC0 /* ProfilView.swift in Sources */,
				CDA5A17B2409E7720083097C /* DetailItemView.swift in Sources */,
				CD6B2E30244DD7BA00FC0ED4 /* ExerciseDetailViewModel.swift in Sources */,
				CDE3A3A3243B8733005A4FC0 /* CancelSubscriptionView.swift in Sources */,
				CD2CDADE2437DD5900EB0395 /* ExerciseCellViewModel.swift in Sources */,
				CD69E3B8240AC02F00958FFC /* ExerciseCell.swift in Sources */,
				CD20326C23FC942D00EE5365 /* ExercisesView.swift in Sources */,
				CD02E5112409524000F68AA3 /* ExerciseDetailView.swift in Sources */,
				CD3309D223FB1991005EEB65 /* DIContainer.swift in Sources */,
				CD6B2E32244DDF1E00FC0ED4 /* ContentViewModel.swift in Sources */,
				CDC9D664240F406B00D45F49 /* NotLoggedInView.swift in Sources */,
				CD915FCF240873C500319A0B /* NavigationBarBugFixer.swift in Sources */,
				CD3309CA23FB1528005EEB65 /* Helpers.swift in Sources */,
				CDE3A393243B5B34005A4FC0 /* SubscriptionView.swift in Sources */,
				CD3309D423FB1A4E005EEB65 /* InteractorsDIContainer.swift in Sources */,
				CD69E3B6240ABFE200958FFC /* ThreeStarView.swift in Sources */,
				CDC9D651240C2E8100D45F49 /* AccountInteractor.swift in Sources */,
				CD3309E023FB27F0005EEB65 /* ExerciseInteractor.swift in Sources */,
				CD3309DA23FB1EF0005EEB65 /* AppSystemEventsHandler.swift in Sources */,
				CD02E516240965A400F68AA3 /* StorageRepository.swift in Sources */,
				CDE3A3A1243B82B3005A4FC0 /* SubscriptionTestView.swift in Sources */,
				CD02E53B2409778B00F68AA3 /* KingfisherBridge.swift in Sources */,
				CD3309D023FB15EA005EEB65 /* AppState.swift in Sources */,
				CD3309DC23FB1FB2005EEB65 /* AppEnvironment.swift in Sources */,
				CD4981252449A03800289C53 /* PrivateConfig.swift in Sources */,
				CD33098D23FB0D7B005EEB65 /* AppDelegate.swift in Sources */,
				CDAB710C2420247300CCA74A /* FirebaseAuthPublisher.swift in Sources */,
				CD3309C623FB0E4B005EEB65 /* Category.swift in Sources */,
				CDCD3D6A24100FD600DB811F /* BuySubscriptionElementView.swift in Sources */,
				CD3309D823FB1E35005EEB65 /* SystemEventsHandler.swift in Sources */,
				CDC9D64D240C288300D45F49 /* FUIAuthBaseViewControllerWrapper.swift in Sources */,
				CDE3A38D243B4E4A005A4FC0 /* ManageAccountView.swift in Sources */,
				CD33098F23FB0D7B005EEB65 /* SceneDelegate.swift in Sources */,
				CD12B324243CD06B00331E78 /* CancelBag.swift in Sources */,
				CDE3A3A5243BA979005A4FC0 /* AccountView.swift in Sources */,
				CDEA60D22439607500B35C35 /* FirestoreDocumentPublisher.swift in Sources */,
				CD8A18802450E403003F622A /* image-Constants.swift in Sources */,
				CD8F1507244DE3EA006DC0D4 /* TabBarViewModel.swift in Sources */,
				CDE3A396243B6697005A4FC0 /* String+Extensions.swift in Sources */,
				CDE3A3A8243BB1C6005A4FC0 /* AccountViewModel.swift in Sources */,
				CD02E51424095B3000F68AA3 /* CRUDStorage.swift in Sources */,
				CD6B2E2D244CE1B900FC0ED4 /* ExercisesViewModel.swift in Sources */,
				CDE3A39F243B829F005A4FC0 /* BuySubscriptionView.swift in Sources */,
				CD33099123FB0D7B005EEB65 /* ContentView.swift in Sources */,
				CDE3A391243B5848005A4FC0 /* FeedbackView.swift in Sources */,
				CDE3A39B243B6E6B005A4FC0 /* HasSubscription.swift in Sources */,
				CD2CDAE02438D1F800EB0395 /* AccountRepository.swift in Sources */,
				CD69E3B4240AAC4200958FFC /* DifficultyView.swift in Sources */,
				CDEFDED6243A2DF20055A172 /* FirestoreDecodedDocumentPublisher.swift in Sources */,
				CD915FD1240879CF00319A0B /* CategorieCell.swift in Sources */,
				CDC9D65B240EDB6A00D45F49 /* TabBarItem.swift in Sources */,
				CDC9D653240C331500D45F49 /* LoginView.swift in Sources */,
				CDC9D662240F405100D45F49 /* ActionButton.swift in Sources */,
				CD3309D623FB1BA5005EEB65 /* RootViewModifier.swift in Sources */,
			);
			runOnlyForDeploymentPostprocessing = 0;
		};
		CD33099B23FB0D7C005EEB65 /* Sources */ = {
			isa = PBXSourcesBuildPhase;
			buildActionMask = 2147483647;
			files = (
				CD3309A423FB0D7C005EEB65 /* LearnHockeyTests.swift in Sources */,
			);
			runOnlyForDeploymentPostprocessing = 0;
		};
		CD3309A623FB0D7C005EEB65 /* Sources */ = {
			isa = PBXSourcesBuildPhase;
			buildActionMask = 2147483647;
			files = (
				CD3309AF23FB0D7C005EEB65 /* LearnHockeyUITests.swift in Sources */,
			);
			runOnlyForDeploymentPostprocessing = 0;
		};
/* End PBXSourcesBuildPhase section */

/* Begin PBXTargetDependency section */
		CD3309A123FB0D7C005EEB65 /* PBXTargetDependency */ = {
			isa = PBXTargetDependency;
			target = CD33098823FB0D7B005EEB65 /* LearnHockey */;
			targetProxy = CD3309A023FB0D7C005EEB65 /* PBXContainerItemProxy */;
		};
		CD3309AC23FB0D7C005EEB65 /* PBXTargetDependency */ = {
			isa = PBXTargetDependency;
			target = CD33098823FB0D7B005EEB65 /* LearnHockey */;
			targetProxy = CD3309AB23FB0D7C005EEB65 /* PBXContainerItemProxy */;
		};
/* End PBXTargetDependency section */

/* Begin PBXVariantGroup section */
		CD4BA6E2245045BD000698DE /* Localizable.strings */ = {
			isa = PBXVariantGroup;
			children = (
				CD4BA6E1245045BD000698DE /* en */,
				CD4BA6E3245045DC000698DE /* de */,
			);
			name = Localizable.strings;
			sourceTree = "<group>";
		};
/* End PBXVariantGroup section */

/* Begin XCBuildConfiguration section */
		CD3309B123FB0D7C005EEB65 /* Debug */ = {
			isa = XCBuildConfiguration;
			buildSettings = {
				ALWAYS_SEARCH_USER_PATHS = NO;
				CLANG_ANALYZER_LOCALIZABILITY_NONLOCALIZED = YES;
				CLANG_ANALYZER_NONNULL = YES;
				CLANG_ANALYZER_NUMBER_OBJECT_CONVERSION = YES_AGGRESSIVE;
				CLANG_CXX_LANGUAGE_STANDARD = "gnu++14";
				CLANG_CXX_LIBRARY = "libc++";
				CLANG_ENABLE_MODULES = YES;
				CLANG_ENABLE_OBJC_ARC = YES;
				CLANG_ENABLE_OBJC_WEAK = YES;
				CLANG_WARN_BLOCK_CAPTURE_AUTORELEASING = YES;
				CLANG_WARN_BOOL_CONVERSION = YES;
				CLANG_WARN_COMMA = YES;
				CLANG_WARN_CONSTANT_CONVERSION = YES;
				CLANG_WARN_DEPRECATED_OBJC_IMPLEMENTATIONS = YES;
				CLANG_WARN_DIRECT_OBJC_ISA_USAGE = YES_ERROR;
				CLANG_WARN_DOCUMENTATION_COMMENTS = YES;
				CLANG_WARN_EMPTY_BODY = YES;
				CLANG_WARN_ENUM_CONVERSION = YES;
				CLANG_WARN_INFINITE_RECURSION = YES;
				CLANG_WARN_INT_CONVERSION = YES;
				CLANG_WARN_NON_LITERAL_NULL_CONVERSION = YES;
				CLANG_WARN_OBJC_IMPLICIT_RETAIN_SELF = YES;
				CLANG_WARN_OBJC_LITERAL_CONVERSION = YES;
				CLANG_WARN_OBJC_ROOT_CLASS = YES_ERROR;
				CLANG_WARN_RANGE_LOOP_ANALYSIS = YES;
				CLANG_WARN_STRICT_PROTOTYPES = YES;
				CLANG_WARN_SUSPICIOUS_MOVE = YES;
				CLANG_WARN_UNGUARDED_AVAILABILITY = YES_AGGRESSIVE;
				CLANG_WARN_UNREACHABLE_CODE = YES;
				CLANG_WARN__DUPLICATE_METHOD_MATCH = YES;
				COPY_PHASE_STRIP = NO;
				DEBUG_INFORMATION_FORMAT = dwarf;
				ENABLE_STRICT_OBJC_MSGSEND = YES;
				ENABLE_TESTABILITY = YES;
				GCC_C_LANGUAGE_STANDARD = gnu11;
				GCC_DYNAMIC_NO_PIC = NO;
				GCC_NO_COMMON_BLOCKS = YES;
				GCC_OPTIMIZATION_LEVEL = 0;
				GCC_PREPROCESSOR_DEFINITIONS = (
					"DEBUG=1",
					"$(inherited)",
				);
				GCC_WARN_64_TO_32_BIT_CONVERSION = YES;
				GCC_WARN_ABOUT_RETURN_TYPE = YES_ERROR;
				GCC_WARN_UNDECLARED_SELECTOR = YES;
				GCC_WARN_UNINITIALIZED_AUTOS = YES_AGGRESSIVE;
				GCC_WARN_UNUSED_FUNCTION = YES;
				GCC_WARN_UNUSED_VARIABLE = YES;
				IPHONEOS_DEPLOYMENT_TARGET = 13.2;
				MTL_ENABLE_DEBUG_INFO = INCLUDE_SOURCE;
				MTL_FAST_MATH = YES;
				ONLY_ACTIVE_ARCH = YES;
				SDKROOT = iphoneos;
				SWIFT_ACTIVE_COMPILATION_CONDITIONS = DEBUG;
				SWIFT_OPTIMIZATION_LEVEL = "-Onone";
			};
			name = Debug;
		};
		CD3309B223FB0D7C005EEB65 /* Release */ = {
			isa = XCBuildConfiguration;
			buildSettings = {
				ALWAYS_SEARCH_USER_PATHS = NO;
				CLANG_ANALYZER_LOCALIZABILITY_NONLOCALIZED = YES;
				CLANG_ANALYZER_NONNULL = YES;
				CLANG_ANALYZER_NUMBER_OBJECT_CONVERSION = YES_AGGRESSIVE;
				CLANG_CXX_LANGUAGE_STANDARD = "gnu++14";
				CLANG_CXX_LIBRARY = "libc++";
				CLANG_ENABLE_MODULES = YES;
				CLANG_ENABLE_OBJC_ARC = YES;
				CLANG_ENABLE_OBJC_WEAK = YES;
				CLANG_WARN_BLOCK_CAPTURE_AUTORELEASING = YES;
				CLANG_WARN_BOOL_CONVERSION = YES;
				CLANG_WARN_COMMA = YES;
				CLANG_WARN_CONSTANT_CONVERSION = YES;
				CLANG_WARN_DEPRECATED_OBJC_IMPLEMENTATIONS = YES;
				CLANG_WARN_DIRECT_OBJC_ISA_USAGE = YES_ERROR;
				CLANG_WARN_DOCUMENTATION_COMMENTS = YES;
				CLANG_WARN_EMPTY_BODY = YES;
				CLANG_WARN_ENUM_CONVERSION = YES;
				CLANG_WARN_INFINITE_RECURSION = YES;
				CLANG_WARN_INT_CONVERSION = YES;
				CLANG_WARN_NON_LITERAL_NULL_CONVERSION = YES;
				CLANG_WARN_OBJC_IMPLICIT_RETAIN_SELF = YES;
				CLANG_WARN_OBJC_LITERAL_CONVERSION = YES;
				CLANG_WARN_OBJC_ROOT_CLASS = YES_ERROR;
				CLANG_WARN_RANGE_LOOP_ANALYSIS = YES;
				CLANG_WARN_STRICT_PROTOTYPES = YES;
				CLANG_WARN_SUSPICIOUS_MOVE = YES;
				CLANG_WARN_UNGUARDED_AVAILABILITY = YES_AGGRESSIVE;
				CLANG_WARN_UNREACHABLE_CODE = YES;
				CLANG_WARN__DUPLICATE_METHOD_MATCH = YES;
				COPY_PHASE_STRIP = NO;
				DEBUG_INFORMATION_FORMAT = "dwarf-with-dsym";
				ENABLE_NS_ASSERTIONS = NO;
				ENABLE_STRICT_OBJC_MSGSEND = YES;
				GCC_C_LANGUAGE_STANDARD = gnu11;
				GCC_NO_COMMON_BLOCKS = YES;
				GCC_WARN_64_TO_32_BIT_CONVERSION = YES;
				GCC_WARN_ABOUT_RETURN_TYPE = YES_ERROR;
				GCC_WARN_UNDECLARED_SELECTOR = YES;
				GCC_WARN_UNINITIALIZED_AUTOS = YES_AGGRESSIVE;
				GCC_WARN_UNUSED_FUNCTION = YES;
				GCC_WARN_UNUSED_VARIABLE = YES;
				IPHONEOS_DEPLOYMENT_TARGET = 13.2;
				MTL_ENABLE_DEBUG_INFO = NO;
				MTL_FAST_MATH = YES;
				SDKROOT = iphoneos;
				SWIFT_COMPILATION_MODE = wholemodule;
				SWIFT_OPTIMIZATION_LEVEL = "-O";
				VALIDATE_PRODUCT = YES;
			};
			name = Release;
		};
		CD3309B423FB0D7C005EEB65 /* Debug */ = {
			isa = XCBuildConfiguration;
			baseConfigurationReference = 6B5E2913131C164E621D8AEE /* Pods-LearnHockey.debug.xcconfig */;
			buildSettings = {
				ASSETCATALOG_COMPILER_APPICON_NAME = AppIcon;
				CODE_SIGN_STYLE = Automatic;
				DEVELOPMENT_ASSET_PATHS = "\"LearnHockey/Preview Content\"";
				DEVELOPMENT_TEAM = E9D9FQMNFD;
				ENABLE_PREVIEWS = YES;
				INFOPLIST_FILE = LearnHockey/Info.plist;
				LD_RUNPATH_SEARCH_PATHS = (
					"$(inherited)",
					"@executable_path/Frameworks",
				);
				PRODUCT_BUNDLE_IDENTIFIER = Patrick.Fischer.LearnHockey;
				PRODUCT_NAME = "$(TARGET_NAME)";
				SWIFT_VERSION = 5.0;
				TARGETED_DEVICE_FAMILY = "1,2";
			};
			name = Debug;
		};
		CD3309B523FB0D7C005EEB65 /* Release */ = {
			isa = XCBuildConfiguration;
			baseConfigurationReference = 4992F67C161CE5C91DD96C10 /* Pods-LearnHockey.release.xcconfig */;
			buildSettings = {
				ASSETCATALOG_COMPILER_APPICON_NAME = AppIcon;
				CODE_SIGN_STYLE = Automatic;
				DEVELOPMENT_ASSET_PATHS = "\"LearnHockey/Preview Content\"";
				DEVELOPMENT_TEAM = E9D9FQMNFD;
				ENABLE_PREVIEWS = YES;
				INFOPLIST_FILE = LearnHockey/Info.plist;
				LD_RUNPATH_SEARCH_PATHS = (
					"$(inherited)",
					"@executable_path/Frameworks",
				);
				PRODUCT_BUNDLE_IDENTIFIER = Patrick.Fischer.LearnHockey;
				PRODUCT_NAME = "$(TARGET_NAME)";
				SWIFT_VERSION = 5.0;
				TARGETED_DEVICE_FAMILY = "1,2";
			};
			name = Release;
		};
		CD3309B723FB0D7C005EEB65 /* Debug */ = {
			isa = XCBuildConfiguration;
			baseConfigurationReference = 59D60CFDD51189A264A15391 /* Pods-LearnHockeyTests.debug.xcconfig */;
			buildSettings = {
				ALWAYS_EMBED_SWIFT_STANDARD_LIBRARIES = YES;
				BUNDLE_LOADER = "$(TEST_HOST)";
				CODE_SIGN_STYLE = Automatic;
				DEVELOPMENT_TEAM = E9D9FQMNFD;
				INFOPLIST_FILE = LearnHockeyTests/Info.plist;
				IPHONEOS_DEPLOYMENT_TARGET = 13.2;
				LD_RUNPATH_SEARCH_PATHS = (
					"$(inherited)",
					"@executable_path/Frameworks",
					"@loader_path/Frameworks",
				);
				PRODUCT_BUNDLE_IDENTIFIER = Patrick.Fischer.LearnHockeyTests;
				PRODUCT_NAME = "$(TARGET_NAME)";
				SWIFT_VERSION = 5.0;
				TARGETED_DEVICE_FAMILY = "1,2";
				TEST_HOST = "$(BUILT_PRODUCTS_DIR)/LearnHockey.app/LearnHockey";
			};
			name = Debug;
		};
		CD3309B823FB0D7C005EEB65 /* Release */ = {
			isa = XCBuildConfiguration;
			baseConfigurationReference = E866652A390AD74FAA9DCEB1 /* Pods-LearnHockeyTests.release.xcconfig */;
			buildSettings = {
				ALWAYS_EMBED_SWIFT_STANDARD_LIBRARIES = YES;
				BUNDLE_LOADER = "$(TEST_HOST)";
				CODE_SIGN_STYLE = Automatic;
				DEVELOPMENT_TEAM = E9D9FQMNFD;
				INFOPLIST_FILE = LearnHockeyTests/Info.plist;
				IPHONEOS_DEPLOYMENT_TARGET = 13.2;
				LD_RUNPATH_SEARCH_PATHS = (
					"$(inherited)",
					"@executable_path/Frameworks",
					"@loader_path/Frameworks",
				);
				PRODUCT_BUNDLE_IDENTIFIER = Patrick.Fischer.LearnHockeyTests;
				PRODUCT_NAME = "$(TARGET_NAME)";
				SWIFT_VERSION = 5.0;
				TARGETED_DEVICE_FAMILY = "1,2";
				TEST_HOST = "$(BUILT_PRODUCTS_DIR)/LearnHockey.app/LearnHockey";
			};
			name = Release;
		};
		CD3309BA23FB0D7C005EEB65 /* Debug */ = {
			isa = XCBuildConfiguration;
			baseConfigurationReference = AAA7902C530CE1BF3F3D67D9 /* Pods-LearnHockeyUITests.debug.xcconfig */;
			buildSettings = {
				ALWAYS_EMBED_SWIFT_STANDARD_LIBRARIES = YES;
				CODE_SIGN_STYLE = Automatic;
				DEVELOPMENT_TEAM = E9D9FQMNFD;
				INFOPLIST_FILE = LearnHockeyUITests/Info.plist;
				LD_RUNPATH_SEARCH_PATHS = (
					"$(inherited)",
					"@executable_path/Frameworks",
					"@loader_path/Frameworks",
				);
				PRODUCT_BUNDLE_IDENTIFIER = Patrick.Fischer.LearnHockeyUITests;
				PRODUCT_NAME = "$(TARGET_NAME)";
				SWIFT_VERSION = 5.0;
				TARGETED_DEVICE_FAMILY = "1,2";
				TEST_TARGET_NAME = LearnHockey;
			};
			name = Debug;
		};
		CD3309BB23FB0D7C005EEB65 /* Release */ = {
			isa = XCBuildConfiguration;
			baseConfigurationReference = 206D144485BAF8A9320D501E /* Pods-LearnHockeyUITests.release.xcconfig */;
			buildSettings = {
				ALWAYS_EMBED_SWIFT_STANDARD_LIBRARIES = YES;
				CODE_SIGN_STYLE = Automatic;
				DEVELOPMENT_TEAM = E9D9FQMNFD;
				INFOPLIST_FILE = LearnHockeyUITests/Info.plist;
				LD_RUNPATH_SEARCH_PATHS = (
					"$(inherited)",
					"@executable_path/Frameworks",
					"@loader_path/Frameworks",
				);
				PRODUCT_BUNDLE_IDENTIFIER = Patrick.Fischer.LearnHockeyUITests;
				PRODUCT_NAME = "$(TARGET_NAME)";
				SWIFT_VERSION = 5.0;
				TARGETED_DEVICE_FAMILY = "1,2";
				TEST_TARGET_NAME = LearnHockey;
			};
			name = Release;
		};
/* End XCBuildConfiguration section */

/* Begin XCConfigurationList section */
		CD33098423FB0D7B005EEB65 /* Build configuration list for PBXProject "LearnHockey" */ = {
			isa = XCConfigurationList;
			buildConfigurations = (
				CD3309B123FB0D7C005EEB65 /* Debug */,
				CD3309B223FB0D7C005EEB65 /* Release */,
			);
			defaultConfigurationIsVisible = 0;
			defaultConfigurationName = Release;
		};
		CD3309B323FB0D7C005EEB65 /* Build configuration list for PBXNativeTarget "LearnHockey" */ = {
			isa = XCConfigurationList;
			buildConfigurations = (
				CD3309B423FB0D7C005EEB65 /* Debug */,
				CD3309B523FB0D7C005EEB65 /* Release */,
			);
			defaultConfigurationIsVisible = 0;
			defaultConfigurationName = Release;
		};
		CD3309B623FB0D7C005EEB65 /* Build configuration list for PBXNativeTarget "LearnHockeyTests" */ = {
			isa = XCConfigurationList;
			buildConfigurations = (
				CD3309B723FB0D7C005EEB65 /* Debug */,
				CD3309B823FB0D7C005EEB65 /* Release */,
			);
			defaultConfigurationIsVisible = 0;
			defaultConfigurationName = Release;
		};
		CD3309B923FB0D7C005EEB65 /* Build configuration list for PBXNativeTarget "LearnHockeyUITests" */ = {
			isa = XCConfigurationList;
			buildConfigurations = (
				CD3309BA23FB0D7C005EEB65 /* Debug */,
				CD3309BB23FB0D7C005EEB65 /* Release */,
			);
			defaultConfigurationIsVisible = 0;
			defaultConfigurationName = Release;
		};
/* End XCConfigurationList section */

/* Begin XCRemoteSwiftPackageReference section */
		CD02E5372409774C00F68AA3 /* XCRemoteSwiftPackageReference "Kingfisher" */ = {
			isa = XCRemoteSwiftPackageReference;
			repositoryURL = "https://github.com/onevcat/Kingfisher.git";
			requirement = {
				kind = upToNextMajorVersion;
				minimumVersion = 5.13.2;
			};
		};
		CD527E8E243E150C006E358D /* XCRemoteSwiftPackageReference "purchases-ios" */ = {
			isa = XCRemoteSwiftPackageReference;
			repositoryURL = "https://github.com/RevenueCat/purchases-ios.git";
			requirement = {
				kind = upToNextMajorVersion;
				minimumVersion = 3.2.2;
			};
		};
/* End XCRemoteSwiftPackageReference section */

/* Begin XCSwiftPackageProductDependency section */
		CD02E5382409774C00F68AA3 /* KingfisherSwiftUI */ = {
			isa = XCSwiftPackageProductDependency;
			package = CD02E5372409774C00F68AA3 /* XCRemoteSwiftPackageReference "Kingfisher" */;
			productName = KingfisherSwiftUI;
		};
		CD527E8F243E150C006E358D /* Purchases */ = {
			isa = XCSwiftPackageProductDependency;
			package = CD527E8E243E150C006E358D /* XCRemoteSwiftPackageReference "purchases-ios" */;
			productName = Purchases;
		};
/* End XCSwiftPackageProductDependency section */
	};
	rootObject = CD33098123FB0D7B005EEB65 /* Project object */;
}
